// !$*UTF8*$!
{
	archiveVersion = 1;
	classes = {
	};
	objectVersion = 55;
	objects = {

/* Begin PBXBuildFile section */
		4406615715A8FA989C266497 /* Pods_pruebaPractica.framework in Frameworks */ = {isa = PBXBuildFile; fileRef = 71EE3B2BD34AD418C0ED00CF /* Pods_pruebaPractica.framework */; };
		A721320929142F0800516065 /* GoogleService-Info.plist in Resources */ = {isa = PBXBuildFile; fileRef = A721320829142F0800516065 /* GoogleService-Info.plist */; };
		A721320B291444A600516065 /* UIColor+Ext.swift in Sources */ = {isa = PBXBuildFile; fileRef = A721320A291444A600516065 /* UIColor+Ext.swift */; };
		A75008E12912F7E80008B8E0 /* SelfiePopUpViewController.swift in Sources */ = {isa = PBXBuildFile; fileRef = A75008DF2912F7E80008B8E0 /* SelfiePopUpViewController.swift */; };
		A75008E22912F7E80008B8E0 /* SelfiePopUpViewController.xib in Resources */ = {isa = PBXBuildFile; fileRef = A75008E02912F7E80008B8E0 /* SelfiePopUpViewController.xib */; };
		A784328D29130B6000460DCF /* GraphPresenter.swift in Sources */ = {isa = PBXBuildFile; fileRef = A784328629130B6000460DCF /* GraphPresenter.swift */; };
		A784328F29130B6000460DCF /* GraphProtocols.swift in Sources */ = {isa = PBXBuildFile; fileRef = A784328829130B6000460DCF /* GraphProtocols.swift */; };
		A784329029130B6000460DCF /* GraphInteractor.swift in Sources */ = {isa = PBXBuildFile; fileRef = A784328929130B6000460DCF /* GraphInteractor.swift */; };
		A784329129130B6000460DCF /* GraphView.swift in Sources */ = {isa = PBXBuildFile; fileRef = A784328A29130B6000460DCF /* GraphView.swift */; };
		A784329229130B6000460DCF /* GraphService.swift in Sources */ = {isa = PBXBuildFile; fileRef = A784328B29130B6000460DCF /* GraphService.swift */; };
		A784329329130B6000460DCF /* GraphWireFrame.swift in Sources */ = {isa = PBXBuildFile; fileRef = A784328C29130B6000460DCF /* GraphWireFrame.swift */; };
		A784329B291313AF00460DCF /* GraphView.xib in Resources */ = {isa = PBXBuildFile; fileRef = A7843299291313AF00460DCF /* GraphView.xib */; };
		A78432A029133B6E00460DCF /* APIRequest.swift in Sources */ = {isa = PBXBuildFile; fileRef = A784329F29133B6E00460DCF /* APIRequest.swift */; };
		A78432A229133CAA00460DCF /* APIConstants.swift in Sources */ = {isa = PBXBuildFile; fileRef = A78432A129133CAA00460DCF /* APIConstants.swift */; };
		A78432A429133D9600460DCF /* GraphEntity.swift in Sources */ = {isa = PBXBuildFile; fileRef = A78432A329133D9600460DCF /* GraphEntity.swift */; };
		A78432AC2913502200460DCF /* GraphReportTableViewCell.swift in Sources */ = {isa = PBXBuildFile; fileRef = A78432AA2913502200460DCF /* GraphReportTableViewCell.swift */; };
		A78432AD2913502200460DCF /* GraphReportTableViewCell.xib in Resources */ = {isa = PBXBuildFile; fileRef = A78432AB2913502200460DCF /* GraphReportTableViewCell.xib */; };
		A78432B4291356D600460DCF /* RoundedChart.swift in Sources */ = {isa = PBXBuildFile; fileRef = A78432B3291356D600460DCF /* RoundedChart.swift */; };
		A78432BA29135CB800460DCF /* UITableView+Ext.swift in Sources */ = {isa = PBXBuildFile; fileRef = A78432B929135CB800460DCF /* UITableView+Ext.swift */; };
		A78432BD291361E200460DCF /* AnswerView.xib in Resources */ = {isa = PBXBuildFile; fileRef = A78432BC291361E200460DCF /* AnswerView.xib */; };
		A78432BF2913650E00460DCF /* AnswerView.swift in Sources */ = {isa = PBXBuildFile; fileRef = A78432BE2913650E00460DCF /* AnswerView.swift */; };
		A7B2F3CA2912DAD80001BF34 /* HomeView.xib in Resources */ = {isa = PBXBuildFile; fileRef = A7B2F3C82912DAD80001BF34 /* HomeView.xib */; };
		A7B2F3CF2912E25D0001BF34 /* TextFieldTableViewCell.swift in Sources */ = {isa = PBXBuildFile; fileRef = A7B2F3CD2912E25D0001BF34 /* TextFieldTableViewCell.swift */; };
		A7B2F3D02912E25D0001BF34 /* TextFieldTableViewCell.xib in Resources */ = {isa = PBXBuildFile; fileRef = A7B2F3CE2912E25D0001BF34 /* TextFieldTableViewCell.xib */; };
		A7B2F3D32912E3420001BF34 /* SelfieTableViewCell.swift in Sources */ = {isa = PBXBuildFile; fileRef = A7B2F3D12912E3420001BF34 /* SelfieTableViewCell.swift */; };
		A7B2F3D42912E3420001BF34 /* SelfieTableViewCell.xib in Resources */ = {isa = PBXBuildFile; fileRef = A7B2F3D22912E3420001BF34 /* SelfieTableViewCell.xib */; };
		A7B2F3D72912E4230001BF34 /* GraphTableViewCell.swift in Sources */ = {isa = PBXBuildFile; fileRef = A7B2F3D52912E4230001BF34 /* GraphTableViewCell.swift */; };
		A7B2F3D82912E4230001BF34 /* GraphTableViewCell.xib in Resources */ = {isa = PBXBuildFile; fileRef = A7B2F3D62912E4230001BF34 /* GraphTableViewCell.xib */; };
		A7BBCA892912C9A200C50047 /* AppDelegate.swift in Sources */ = {isa = PBXBuildFile; fileRef = A7BBCA882912C9A200C50047 /* AppDelegate.swift */; };
		A7BBCA922912C9A300C50047 /* Assets.xcassets in Resources */ = {isa = PBXBuildFile; fileRef = A7BBCA912912C9A300C50047 /* Assets.xcassets */; };
		A7BBCA952912C9A300C50047 /* LaunchScreen.storyboard in Resources */ = {isa = PBXBuildFile; fileRef = A7BBCA932912C9A300C50047 /* LaunchScreen.storyboard */; };
		A7BBCAA42912D70C00C50047 /* HomePresenter.swift in Sources */ = {isa = PBXBuildFile; fileRef = A7BBCA9D2912D70C00C50047 /* HomePresenter.swift */; };
		A7BBCAA62912D70C00C50047 /* HomeProtocols.swift in Sources */ = {isa = PBXBuildFile; fileRef = A7BBCA9F2912D70C00C50047 /* HomeProtocols.swift */; };
		A7BBCAA72912D70C00C50047 /* HomeInteractor.swift in Sources */ = {isa = PBXBuildFile; fileRef = A7BBCAA02912D70C00C50047 /* HomeInteractor.swift */; };
		A7BBCAA82912D70C00C50047 /* HomeView.swift in Sources */ = {isa = PBXBuildFile; fileRef = A7BBCAA12912D70C00C50047 /* HomeView.swift */; };
		A7BBCAA92912D70C00C50047 /* HomeService.swift in Sources */ = {isa = PBXBuildFile; fileRef = A7BBCAA22912D70C00C50047 /* HomeService.swift */; };
		A7BBCAAA2912D70C00C50047 /* HomeWireFrame.swift in Sources */ = {isa = PBXBuildFile; fileRef = A7BBCAA32912D70C00C50047 /* HomeWireFrame.swift */; };
/* End PBXBuildFile section */

/* Begin PBXFileReference section */
		71EE3B2BD34AD418C0ED00CF /* Pods_pruebaPractica.framework */ = {isa = PBXFileReference; explicitFileType = wrapper.framework; includeInIndex = 0; path = Pods_pruebaPractica.framework; sourceTree = BUILT_PRODUCTS_DIR; };
		7811842187BC5660CB553C24 /* Pods-pruebaPractica.debug.xcconfig */ = {isa = PBXFileReference; includeInIndex = 1; lastKnownFileType = text.xcconfig; name = "Pods-pruebaPractica.debug.xcconfig"; path = "Target Support Files/Pods-pruebaPractica/Pods-pruebaPractica.debug.xcconfig"; sourceTree = "<group>"; };
		A721320829142F0800516065 /* GoogleService-Info.plist */ = {isa = PBXFileReference; fileEncoding = 4; lastKnownFileType = text.plist.xml; path = "GoogleService-Info.plist"; sourceTree = "<group>"; };
		A721320A291444A600516065 /* UIColor+Ext.swift */ = {isa = PBXFileReference; lastKnownFileType = sourcecode.swift; path = "UIColor+Ext.swift"; sourceTree = "<group>"; };
		A75008DF2912F7E80008B8E0 /* SelfiePopUpViewController.swift */ = {isa = PBXFileReference; lastKnownFileType = sourcecode.swift; path = SelfiePopUpViewController.swift; sourceTree = "<group>"; };
		A75008E02912F7E80008B8E0 /* SelfiePopUpViewController.xib */ = {isa = PBXFileReference; lastKnownFileType = file.xib; path = SelfiePopUpViewController.xib; sourceTree = "<group>"; };
		A784328629130B6000460DCF /* GraphPresenter.swift */ = {isa = PBXFileReference; lastKnownFileType = sourcecode.swift; path = GraphPresenter.swift; sourceTree = "<group>"; };
		A784328829130B6000460DCF /* GraphProtocols.swift */ = {isa = PBXFileReference; lastKnownFileType = sourcecode.swift; path = GraphProtocols.swift; sourceTree = "<group>"; };
		A784328929130B6000460DCF /* GraphInteractor.swift */ = {isa = PBXFileReference; lastKnownFileType = sourcecode.swift; path = GraphInteractor.swift; sourceTree = "<group>"; };
		A784328A29130B6000460DCF /* GraphView.swift */ = {isa = PBXFileReference; lastKnownFileType = sourcecode.swift; path = GraphView.swift; sourceTree = "<group>"; };
		A784328B29130B6000460DCF /* GraphService.swift */ = {isa = PBXFileReference; lastKnownFileType = sourcecode.swift; path = GraphService.swift; sourceTree = "<group>"; };
		A784328C29130B6000460DCF /* GraphWireFrame.swift */ = {isa = PBXFileReference; lastKnownFileType = sourcecode.swift; path = GraphWireFrame.swift; sourceTree = "<group>"; };
		A7843299291313AF00460DCF /* GraphView.xib */ = {isa = PBXFileReference; lastKnownFileType = file.xib; path = GraphView.xib; sourceTree = "<group>"; };
		A784329F29133B6E00460DCF /* APIRequest.swift */ = {isa = PBXFileReference; lastKnownFileType = sourcecode.swift; path = APIRequest.swift; sourceTree = "<group>"; };
		A78432A129133CAA00460DCF /* APIConstants.swift */ = {isa = PBXFileReference; lastKnownFileType = sourcecode.swift; path = APIConstants.swift; sourceTree = "<group>"; };
		A78432A329133D9600460DCF /* GraphEntity.swift */ = {isa = PBXFileReference; lastKnownFileType = sourcecode.swift; path = GraphEntity.swift; sourceTree = "<group>"; };
		A78432AA2913502200460DCF /* GraphReportTableViewCell.swift */ = {isa = PBXFileReference; lastKnownFileType = sourcecode.swift; path = GraphReportTableViewCell.swift; sourceTree = "<group>"; };
		A78432AB2913502200460DCF /* GraphReportTableViewCell.xib */ = {isa = PBXFileReference; lastKnownFileType = file.xib; path = GraphReportTableViewCell.xib; sourceTree = "<group>"; };
		A78432B3291356D600460DCF /* RoundedChart.swift */ = {isa = PBXFileReference; lastKnownFileType = sourcecode.swift; path = RoundedChart.swift; sourceTree = "<group>"; };
		A78432B929135CB800460DCF /* UITableView+Ext.swift */ = {isa = PBXFileReference; lastKnownFileType = sourcecode.swift; path = "UITableView+Ext.swift"; sourceTree = "<group>"; };
		A78432BC291361E200460DCF /* AnswerView.xib */ = {isa = PBXFileReference; lastKnownFileType = file.xib; path = AnswerView.xib; sourceTree = "<group>"; };
		A78432BE2913650E00460DCF /* AnswerView.swift */ = {isa = PBXFileReference; lastKnownFileType = sourcecode.swift; path = AnswerView.swift; sourceTree = "<group>"; };
		A7B2F3C82912DAD80001BF34 /* HomeView.xib */ = {isa = PBXFileReference; lastKnownFileType = file.xib; path = HomeView.xib; sourceTree = "<group>"; };
		A7B2F3CD2912E25D0001BF34 /* TextFieldTableViewCell.swift */ = {isa = PBXFileReference; lastKnownFileType = sourcecode.swift; path = TextFieldTableViewCell.swift; sourceTree = "<group>"; };
		A7B2F3CE2912E25D0001BF34 /* TextFieldTableViewCell.xib */ = {isa = PBXFileReference; lastKnownFileType = file.xib; path = TextFieldTableViewCell.xib; sourceTree = "<group>"; };
		A7B2F3D12912E3420001BF34 /* SelfieTableViewCell.swift */ = {isa = PBXFileReference; lastKnownFileType = sourcecode.swift; path = SelfieTableViewCell.swift; sourceTree = "<group>"; };
		A7B2F3D22912E3420001BF34 /* SelfieTableViewCell.xib */ = {isa = PBXFileReference; lastKnownFileType = file.xib; path = SelfieTableViewCell.xib; sourceTree = "<group>"; };
		A7B2F3D52912E4230001BF34 /* GraphTableViewCell.swift */ = {isa = PBXFileReference; lastKnownFileType = sourcecode.swift; path = GraphTableViewCell.swift; sourceTree = "<group>"; };
		A7B2F3D62912E4230001BF34 /* GraphTableViewCell.xib */ = {isa = PBXFileReference; lastKnownFileType = file.xib; path = GraphTableViewCell.xib; sourceTree = "<group>"; };
		A7BBCA852912C9A200C50047 /* pruebaPractica.app */ = {isa = PBXFileReference; explicitFileType = wrapper.application; includeInIndex = 0; path = pruebaPractica.app; sourceTree = BUILT_PRODUCTS_DIR; };
		A7BBCA882912C9A200C50047 /* AppDelegate.swift */ = {isa = PBXFileReference; lastKnownFileType = sourcecode.swift; path = AppDelegate.swift; sourceTree = "<group>"; };
		A7BBCA912912C9A300C50047 /* Assets.xcassets */ = {isa = PBXFileReference; lastKnownFileType = folder.assetcatalog; path = Assets.xcassets; sourceTree = "<group>"; };
		A7BBCA942912C9A300C50047 /* Base */ = {isa = PBXFileReference; lastKnownFileType = file.storyboard; name = Base; path = Base.lproj/LaunchScreen.storyboard; sourceTree = "<group>"; };
		A7BBCA962912C9A300C50047 /* Info.plist */ = {isa = PBXFileReference; lastKnownFileType = text.plist.xml; path = Info.plist; sourceTree = "<group>"; };
		A7BBCA9D2912D70C00C50047 /* HomePresenter.swift */ = {isa = PBXFileReference; lastKnownFileType = sourcecode.swift; path = HomePresenter.swift; sourceTree = "<group>"; };
		A7BBCA9F2912D70C00C50047 /* HomeProtocols.swift */ = {isa = PBXFileReference; lastKnownFileType = sourcecode.swift; path = HomeProtocols.swift; sourceTree = "<group>"; };
		A7BBCAA02912D70C00C50047 /* HomeInteractor.swift */ = {isa = PBXFileReference; lastKnownFileType = sourcecode.swift; path = HomeInteractor.swift; sourceTree = "<group>"; };
		A7BBCAA12912D70C00C50047 /* HomeView.swift */ = {isa = PBXFileReference; lastKnownFileType = sourcecode.swift; path = HomeView.swift; sourceTree = "<group>"; };
		A7BBCAA22912D70C00C50047 /* HomeService.swift */ = {isa = PBXFileReference; lastKnownFileType = sourcecode.swift; path = HomeService.swift; sourceTree = "<group>"; };
		A7BBCAA32912D70C00C50047 /* HomeWireFrame.swift */ = {isa = PBXFileReference; lastKnownFileType = sourcecode.swift; path = HomeWireFrame.swift; sourceTree = "<group>"; };
		C57A6701F85969EF65FC9B09 /* Pods-pruebaPractica.release.xcconfig */ = {isa = PBXFileReference; includeInIndex = 1; lastKnownFileType = text.xcconfig; name = "Pods-pruebaPractica.release.xcconfig"; path = "Target Support Files/Pods-pruebaPractica/Pods-pruebaPractica.release.xcconfig"; sourceTree = "<group>"; };
/* End PBXFileReference section */

/* Begin PBXFrameworksBuildPhase section */
		A7BBCA822912C9A200C50047 /* Frameworks */ = {
			isa = PBXFrameworksBuildPhase;
			buildActionMask = 2147483647;
			files = (
				4406615715A8FA989C266497 /* Pods_pruebaPractica.framework in Frameworks */,
			);
			runOnlyForDeploymentPostprocessing = 0;
		};
/* End PBXFrameworksBuildPhase section */

/* Begin PBXGroup section */
		7FEFFC897514F631FD9E7BBD /* Frameworks */ = {
			isa = PBXGroup;
			children = (
				71EE3B2BD34AD418C0ED00CF /* Pods_pruebaPractica.framework */,
			);
			name = Frameworks;
			sourceTree = "<group>";
		};
		9DAA07F52A7137599DA42A46 /* Pods */ = {
			isa = PBXGroup;
			children = (
				7811842187BC5660CB553C24 /* Pods-pruebaPractica.debug.xcconfig */,
				C57A6701F85969EF65FC9B09 /* Pods-pruebaPractica.release.xcconfig */,
			);
			path = Pods;
			sourceTree = "<group>";
		};
		A75008DE2912F7B00008B8E0 /* Pop-up */ = {
			isa = PBXGroup;
			children = (
				A75008DF2912F7E80008B8E0 /* SelfiePopUpViewController.swift */,
				A75008E02912F7E80008B8E0 /* SelfiePopUpViewController.xib */,
			);
			path = "Pop-up";
			sourceTree = "<group>";
		};
		A784328529130B4E00460DCF /* Graph */ = {
			isa = PBXGroup;
			children = (
				A78432BB2913611E00460DCF /* Components */,
				A78432A529134E5800460DCF /* GraphCells */,
				A784328A29130B6000460DCF /* GraphView.swift */,
				A784328929130B6000460DCF /* GraphInteractor.swift */,
				A784328629130B6000460DCF /* GraphPresenter.swift */,
				A78432A329133D9600460DCF /* GraphEntity.swift */,
				A784328C29130B6000460DCF /* GraphWireFrame.swift */,
				A784328829130B6000460DCF /* GraphProtocols.swift */,
				A784328B29130B6000460DCF /* GraphService.swift */,
				A7843299291313AF00460DCF /* GraphView.xib */,
			);
			path = Graph;
			sourceTree = "<group>";
		};
		A784329C2913365400460DCF /* SupportingFiles */ = {
			isa = PBXGroup;
			children = (
				A7BBCA882912C9A200C50047 /* AppDelegate.swift */,
				A7BBCA932912C9A300C50047 /* LaunchScreen.storyboard */,
			);
			path = SupportingFiles;
			sourceTree = "<group>";
		};
		A784329D2913369200460DCF /* Assets */ = {
			isa = PBXGroup;
			children = (
				A7BBCA912912C9A300C50047 /* Assets.xcassets */,
			);
			path = Assets;
			sourceTree = "<group>";
		};
		A784329E29133B3B00460DCF /* Api */ = {
			isa = PBXGroup;
			children = (
				A784329F29133B6E00460DCF /* APIRequest.swift */,
				A78432A129133CAA00460DCF /* APIConstants.swift */,
			);
			path = Api;
			sourceTree = "<group>";
		};
		A78432A529134E5800460DCF /* GraphCells */ = {
			isa = PBXGroup;
			children = (
				A78432AA2913502200460DCF /* GraphReportTableViewCell.swift */,
				A78432AB2913502200460DCF /* GraphReportTableViewCell.xib */,
			);
			path = GraphCells;
			sourceTree = "<group>";
		};
		A78432AE2913552F00460DCF /* Utils */ = {
			isa = PBXGroup;
			children = (
				A78432B2291356C700460DCF /* Charts */,
				A78432AF2913553800460DCF /* Extensions */,
			);
			path = Utils;
			sourceTree = "<group>";
		};
		A78432AF2913553800460DCF /* Extensions */ = {
			isa = PBXGroup;
			children = (
				A78432B929135CB800460DCF /* UITableView+Ext.swift */,
				A721320A291444A600516065 /* UIColor+Ext.swift */,
			);
			path = Extensions;
			sourceTree = "<group>";
		};
		A78432B2291356C700460DCF /* Charts */ = {
			isa = PBXGroup;
			children = (
				A78432B3291356D600460DCF /* RoundedChart.swift */,
			);
			path = Charts;
			sourceTree = "<group>";
		};
		A78432BB2913611E00460DCF /* Components */ = {
			isa = PBXGroup;
			children = (
				A78432BC291361E200460DCF /* AnswerView.xib */,
				A78432BE2913650E00460DCF /* AnswerView.swift */,
			);
			path = Components;
			sourceTree = "<group>";
		};
		A7B2F3CB2912E07D0001BF34 /* Home */ = {
			isa = PBXGroup;
			children = (
				A75008DE2912F7B00008B8E0 /* Pop-up */,
				A7B2F3CC2912E2190001BF34 /* HomeCells */,
				A7BBCA9D2912D70C00C50047 /* HomePresenter.swift */,
				A7BBCA9F2912D70C00C50047 /* HomeProtocols.swift */,
				A7BBCAA02912D70C00C50047 /* HomeInteractor.swift */,
				A7BBCAA12912D70C00C50047 /* HomeView.swift */,
				A7BBCAA22912D70C00C50047 /* HomeService.swift */,
				A7BBCAA32912D70C00C50047 /* HomeWireFrame.swift */,
				A7B2F3C82912DAD80001BF34 /* HomeView.xib */,
			);
			path = Home;
			sourceTree = "<group>";
		};
		A7B2F3CC2912E2190001BF34 /* HomeCells */ = {
			isa = PBXGroup;
			children = (
				A7B2F3CD2912E25D0001BF34 /* TextFieldTableViewCell.swift */,
				A7B2F3CE2912E25D0001BF34 /* TextFieldTableViewCell.xib */,
				A7B2F3D12912E3420001BF34 /* SelfieTableViewCell.swift */,
				A7B2F3D22912E3420001BF34 /* SelfieTableViewCell.xib */,
				A7B2F3D52912E4230001BF34 /* GraphTableViewCell.swift */,
				A7B2F3D62912E4230001BF34 /* GraphTableViewCell.xib */,
			);
			path = HomeCells;
			sourceTree = "<group>";
		};
		A7BBCA7C2912C9A200C50047 = {
			isa = PBXGroup;
			children = (
				A7BBCA872912C9A200C50047 /* pruebaPractica */,
				A7BBCA862912C9A200C50047 /* Products */,
				9DAA07F52A7137599DA42A46 /* Pods */,
				7FEFFC897514F631FD9E7BBD /* Frameworks */,
			);
			sourceTree = "<group>";
		};
		A7BBCA862912C9A200C50047 /* Products */ = {
			isa = PBXGroup;
			children = (
				A7BBCA852912C9A200C50047 /* pruebaPractica.app */,
			);
			name = Products;
			sourceTree = "<group>";
		};
		A7BBCA872912C9A200C50047 /* pruebaPractica */ = {
			isa = PBXGroup;
			children = (
				A78432AE2913552F00460DCF /* Utils */,
				A784329E29133B3B00460DCF /* Api */,
				A784329D2913369200460DCF /* Assets */,
				A784329C2913365400460DCF /* SupportingFiles */,
				A7BBCA9C2912D6E400C50047 /* Modules */,
				A7BBCA962912C9A300C50047 /* Info.plist */,
				A721320829142F0800516065 /* GoogleService-Info.plist */,
			);
			path = pruebaPractica;
			sourceTree = "<group>";
		};
		A7BBCA9C2912D6E400C50047 /* Modules */ = {
			isa = PBXGroup;
			children = (
				A784328529130B4E00460DCF /* Graph */,
				A7B2F3CB2912E07D0001BF34 /* Home */,
			);
			path = Modules;
			sourceTree = "<group>";
		};
/* End PBXGroup section */

/* Begin PBXNativeTarget section */
		A7BBCA842912C9A200C50047 /* pruebaPractica */ = {
			isa = PBXNativeTarget;
			buildConfigurationList = A7BBCA992912C9A300C50047 /* Build configuration list for PBXNativeTarget "pruebaPractica" */;
			buildPhases = (
				C0D818CF6211DF60EC05C856 /* [CP] Check Pods Manifest.lock */,
				A7BBCA812912C9A200C50047 /* Sources */,
				A7BBCA822912C9A200C50047 /* Frameworks */,
				A7BBCA832912C9A200C50047 /* Resources */,
				BE6DA65C48EB993E1B18F796 /* [CP] Embed Pods Frameworks */,
			);
			buildRules = (
			);
			dependencies = (
			);
			name = pruebaPractica;
			productName = pruebaPractica;
			productReference = A7BBCA852912C9A200C50047 /* pruebaPractica.app */;
			productType = "com.apple.product-type.application";
		};
/* End PBXNativeTarget section */

/* Begin PBXProject section */
		A7BBCA7D2912C9A200C50047 /* Project object */ = {
			isa = PBXProject;
			attributes = {
				BuildIndependentTargetsInParallel = 1;
				LastSwiftUpdateCheck = 1320;
				LastUpgradeCheck = 1320;
				TargetAttributes = {
					A7BBCA842912C9A200C50047 = {
						CreatedOnToolsVersion = 13.2.1;
					};
				};
			};
			buildConfigurationList = A7BBCA802912C9A200C50047 /* Build configuration list for PBXProject "pruebaPractica" */;
			compatibilityVersion = "Xcode 13.0";
			developmentRegion = en;
			hasScannedForEncodings = 0;
			knownRegions = (
				en,
				Base,
			);
			mainGroup = A7BBCA7C2912C9A200C50047;
			productRefGroup = A7BBCA862912C9A200C50047 /* Products */;
			projectDirPath = "";
			projectRoot = "";
			targets = (
				A7BBCA842912C9A200C50047 /* pruebaPractica */,
			);
		};
/* End PBXProject section */

/* Begin PBXResourcesBuildPhase section */
		A7BBCA832912C9A200C50047 /* Resources */ = {
			isa = PBXResourcesBuildPhase;
			buildActionMask = 2147483647;
			files = (
				A7BBCA952912C9A300C50047 /* LaunchScreen.storyboard in Resources */,
				A7B2F3CA2912DAD80001BF34 /* HomeView.xib in Resources */,
				A78432BD291361E200460DCF /* AnswerView.xib in Resources */,
				A7B2F3D82912E4230001BF34 /* GraphTableViewCell.xib in Resources */,
				A784329B291313AF00460DCF /* GraphView.xib in Resources */,
				A75008E22912F7E80008B8E0 /* SelfiePopUpViewController.xib in Resources */,
				A7BBCA922912C9A300C50047 /* Assets.xcassets in Resources */,
				A7B2F3D42912E3420001BF34 /* SelfieTableViewCell.xib in Resources */,
				A721320929142F0800516065 /* GoogleService-Info.plist in Resources */,
				A78432AD2913502200460DCF /* GraphReportTableViewCell.xib in Resources */,
				A7B2F3D02912E25D0001BF34 /* TextFieldTableViewCell.xib in Resources */,
			);
			runOnlyForDeploymentPostprocessing = 0;
		};
/* End PBXResourcesBuildPhase section */

/* Begin PBXShellScriptBuildPhase section */
		BE6DA65C48EB993E1B18F796 /* [CP] Embed Pods Frameworks */ = {
			isa = PBXShellScriptBuildPhase;
			buildActionMask = 2147483647;
			files = (
			);
			inputFileListPaths = (
				"${PODS_ROOT}/Target Support Files/Pods-pruebaPractica/Pods-pruebaPractica-frameworks-${CONFIGURATION}-input-files.xcfilelist",
			);
			name = "[CP] Embed Pods Frameworks";
			outputFileListPaths = (
				"${PODS_ROOT}/Target Support Files/Pods-pruebaPractica/Pods-pruebaPractica-frameworks-${CONFIGURATION}-output-files.xcfilelist",
			);
			runOnlyForDeploymentPostprocessing = 0;
			shellPath = /bin/sh;
			shellScript = "\"${PODS_ROOT}/Target Support Files/Pods-pruebaPractica/Pods-pruebaPractica-frameworks.sh\"\n";
			showEnvVarsInLog = 0;
		};
		C0D818CF6211DF60EC05C856 /* [CP] Check Pods Manifest.lock */ = {
			isa = PBXShellScriptBuildPhase;
			buildActionMask = 2147483647;
			files = (
			);
			inputFileListPaths = (
			);
			inputPaths = (
				"${PODS_PODFILE_DIR_PATH}/Podfile.lock",
				"${PODS_ROOT}/Manifest.lock",
			);
			name = "[CP] Check Pods Manifest.lock";
			outputFileListPaths = (
			);
			outputPaths = (
				"$(DERIVED_FILE_DIR)/Pods-pruebaPractica-checkManifestLockResult.txt",
			);
			runOnlyForDeploymentPostprocessing = 0;
			shellPath = /bin/sh;
			shellScript = "diff \"${PODS_PODFILE_DIR_PATH}/Podfile.lock\" \"${PODS_ROOT}/Manifest.lock\" > /dev/null\nif [ $? != 0 ] ; then\n    # print error to STDERR\n    echo \"error: The sandbox is not in sync with the Podfile.lock. Run 'pod install' or update your CocoaPods installation.\" >&2\n    exit 1\nfi\n# This output is used by Xcode 'outputs' to avoid re-running this script phase.\necho \"SUCCESS\" > \"${SCRIPT_OUTPUT_FILE_0}\"\n";
			showEnvVarsInLog = 0;
		};
/* End PBXShellScriptBuildPhase section */

/* Begin PBXSourcesBuildPhase section */
		A7BBCA812912C9A200C50047 /* Sources */ = {
			isa = PBXSourcesBuildPhase;
			buildActionMask = 2147483647;
			files = (
				A7BBCA892912C9A200C50047 /* AppDelegate.swift in Sources */,
				A75008E12912F7E80008B8E0 /* SelfiePopUpViewController.swift in Sources */,
				A78432BF2913650E00460DCF /* AnswerView.swift in Sources */,
				A784329029130B6000460DCF /* GraphInteractor.swift in Sources */,
				A78432A429133D9600460DCF /* GraphEntity.swift in Sources */,
				A7BBCAA62912D70C00C50047 /* HomeProtocols.swift in Sources */,
				A7BBCAA82912D70C00C50047 /* HomeView.swift in Sources */,
				A78432A229133CAA00460DCF /* APIConstants.swift in Sources */,
				A78432BA29135CB800460DCF /* UITableView+Ext.swift in Sources */,
				A784328F29130B6000460DCF /* GraphProtocols.swift in Sources */,
				A7B2F3CF2912E25D0001BF34 /* TextFieldTableViewCell.swift in Sources */,
				A784329329130B6000460DCF /* GraphWireFrame.swift in Sources */,
				A784329129130B6000460DCF /* GraphView.swift in Sources */,
				A78432AC2913502200460DCF /* GraphReportTableViewCell.swift in Sources */,
				A78432B4291356D600460DCF /* RoundedChart.swift in Sources */,
				A721320B291444A600516065 /* UIColor+Ext.swift in Sources */,
				A7BBCAA92912D70C00C50047 /* HomeService.swift in Sources */,
				A7B2F3D32912E3420001BF34 /* SelfieTableViewCell.swift in Sources */,
				A7B2F3D72912E4230001BF34 /* GraphTableViewCell.swift in Sources */,
				A784329229130B6000460DCF /* GraphService.swift in Sources */,
				A7BBCAA42912D70C00C50047 /* HomePresenter.swift in Sources */,
				A784328D29130B6000460DCF /* GraphPresenter.swift in Sources */,
				A7BBCAA72912D70C00C50047 /* HomeInteractor.swift in Sources */,
				A78432A029133B6E00460DCF /* APIRequest.swift in Sources */,
				A7BBCAAA2912D70C00C50047 /* HomeWireFrame.swift in Sources */,
			);
			runOnlyForDeploymentPostprocessing = 0;
		};
/* End PBXSourcesBuildPhase section */

/* Begin PBXVariantGroup section */
		A7BBCA932912C9A300C50047 /* LaunchScreen.storyboard */ = {
			isa = PBXVariantGroup;
			children = (
				A7BBCA942912C9A300C50047 /* Base */,
			);
			name = LaunchScreen.storyboard;
			sourceTree = "<group>";
		};
/* End PBXVariantGroup section */

/* Begin XCBuildConfiguration section */
		A7BBCA972912C9A300C50047 /* Debug */ = {
			isa = XCBuildConfiguration;
			buildSettings = {
				ALWAYS_SEARCH_USER_PATHS = NO;
				CLANG_ANALYZER_NONNULL = YES;
				CLANG_ANALYZER_NUMBER_OBJECT_CONVERSION = YES_AGGRESSIVE;
				CLANG_CXX_LANGUAGE_STANDARD = "gnu++17";
				CLANG_CXX_LIBRARY = "libc++";
				CLANG_ENABLE_MODULES = YES;
				CLANG_ENABLE_OBJC_ARC = YES;
				CLANG_ENABLE_OBJC_WEAK = YES;
				CLANG_WARN_BLOCK_CAPTURE_AUTORELEASING = YES;
				CLANG_WARN_BOOL_CONVERSION = YES;
				CLANG_WARN_COMMA = YES;
				CLANG_WARN_CONSTANT_CONVERSION = YES;
				CLANG_WARN_DEPRECATED_OBJC_IMPLEMENTATIONS = YES;
				CLANG_WARN_DIRECT_OBJC_ISA_USAGE = YES_ERROR;
				CLANG_WARN_DOCUMENTATION_COMMENTS = YES;
				CLANG_WARN_EMPTY_BODY = YES;
				CLANG_WARN_ENUM_CONVERSION = YES;
				CLANG_WARN_INFINITE_RECURSION = YES;
				CLANG_WARN_INT_CONVERSION = YES;
				CLANG_WARN_NON_LITERAL_NULL_CONVERSION = YES;
				CLANG_WARN_OBJC_IMPLICIT_RETAIN_SELF = YES;
				CLANG_WARN_OBJC_LITERAL_CONVERSION = YES;
				CLANG_WARN_OBJC_ROOT_CLASS = YES_ERROR;
				CLANG_WARN_QUOTED_INCLUDE_IN_FRAMEWORK_HEADER = YES;
				CLANG_WARN_RANGE_LOOP_ANALYSIS = YES;
				CLANG_WARN_STRICT_PROTOTYPES = YES;
				CLANG_WARN_SUSPICIOUS_MOVE = YES;
				CLANG_WARN_UNGUARDED_AVAILABILITY = YES_AGGRESSIVE;
				CLANG_WARN_UNREACHABLE_CODE = YES;
				CLANG_WARN__DUPLICATE_METHOD_MATCH = YES;
				COPY_PHASE_STRIP = NO;
				DEBUG_INFORMATION_FORMAT = dwarf;
				ENABLE_STRICT_OBJC_MSGSEND = YES;
				ENABLE_TESTABILITY = YES;
				GCC_C_LANGUAGE_STANDARD = gnu11;
				GCC_DYNAMIC_NO_PIC = NO;
				GCC_NO_COMMON_BLOCKS = YES;
				GCC_OPTIMIZATION_LEVEL = 0;
				GCC_PREPROCESSOR_DEFINITIONS = (
					"DEBUG=1",
					"$(inherited)",
				);
				GCC_WARN_64_TO_32_BIT_CONVERSION = YES;
				GCC_WARN_ABOUT_RETURN_TYPE = YES_ERROR;
				GCC_WARN_UNDECLARED_SELECTOR = YES;
				GCC_WARN_UNINITIALIZED_AUTOS = YES_AGGRESSIVE;
				GCC_WARN_UNUSED_FUNCTION = YES;
				GCC_WARN_UNUSED_VARIABLE = YES;
				IPHONEOS_DEPLOYMENT_TARGET = 13.0;
				MTL_ENABLE_DEBUG_INFO = INCLUDE_SOURCE;
				MTL_FAST_MATH = YES;
				ONLY_ACTIVE_ARCH = YES;
				SDKROOT = iphoneos;
				SWIFT_ACTIVE_COMPILATION_CONDITIONS = DEBUG;
				SWIFT_OPTIMIZATION_LEVEL = "-Onone";
			};
			name = Debug;
		};
		A7BBCA982912C9A300C50047 /* Release */ = {
			isa = XCBuildConfiguration;
			buildSettings = {
				ALWAYS_SEARCH_USER_PATHS = NO;
				CLANG_ANALYZER_NONNULL = YES;
				CLANG_ANALYZER_NUMBER_OBJECT_CONVERSION = YES_AGGRESSIVE;
				CLANG_CXX_LANGUAGE_STANDARD = "gnu++17";
				CLANG_CXX_LIBRARY = "libc++";
				CLANG_ENABLE_MODULES = YES;
				CLANG_ENABLE_OBJC_ARC = YES;
				CLANG_ENABLE_OBJC_WEAK = YES;
				CLANG_WARN_BLOCK_CAPTURE_AUTORELEASING = YES;
				CLANG_WARN_BOOL_CONVERSION = YES;
				CLANG_WARN_COMMA = YES;
				CLANG_WARN_CONSTANT_CONVERSION = YES;
				CLANG_WARN_DEPRECATED_OBJC_IMPLEMENTATIONS = YES;
				CLANG_WARN_DIRECT_OBJC_ISA_USAGE = YES_ERROR;
				CLANG_WARN_DOCUMENTATION_COMMENTS = YES;
				CLANG_WARN_EMPTY_BODY = YES;
				CLANG_WARN_ENUM_CONVERSION = YES;
				CLANG_WARN_INFINITE_RECURSION = YES;
				CLANG_WARN_INT_CONVERSION = YES;
				CLANG_WARN_NON_LITERAL_NULL_CONVERSION = YES;
				CLANG_WARN_OBJC_IMPLICIT_RETAIN_SELF = YES;
				CLANG_WARN_OBJC_LITERAL_CONVERSION = YES;
				CLANG_WARN_OBJC_ROOT_CLASS = YES_ERROR;
				CLANG_WARN_QUOTED_INCLUDE_IN_FRAMEWORK_HEADER = YES;
				CLANG_WARN_RANGE_LOOP_ANALYSIS = YES;
				CLANG_WARN_STRICT_PROTOTYPES = YES;
				CLANG_WARN_SUSPICIOUS_MOVE = YES;
				CLANG_WARN_UNGUARDED_AVAILABILITY = YES_AGGRESSIVE;
				CLANG_WARN_UNREACHABLE_CODE = YES;
				CLANG_WARN__DUPLICATE_METHOD_MATCH = YES;
				COPY_PHASE_STRIP = NO;
				DEBUG_INFORMATION_FORMAT = "dwarf-with-dsym";
				ENABLE_NS_ASSERTIONS = NO;
				ENABLE_STRICT_OBJC_MSGSEND = YES;
				GCC_C_LANGUAGE_STANDARD = gnu11;
				GCC_NO_COMMON_BLOCKS = YES;
				GCC_WARN_64_TO_32_BIT_CONVERSION = YES;
				GCC_WARN_ABOUT_RETURN_TYPE = YES_ERROR;
				GCC_WARN_UNDECLARED_SELECTOR = YES;
				GCC_WARN_UNINITIALIZED_AUTOS = YES_AGGRESSIVE;
				GCC_WARN_UNUSED_FUNCTION = YES;
				GCC_WARN_UNUSED_VARIABLE = YES;
				IPHONEOS_DEPLOYMENT_TARGET = 13.0;
				MTL_ENABLE_DEBUG_INFO = NO;
				MTL_FAST_MATH = YES;
				SDKROOT = iphoneos;
				SWIFT_COMPILATION_MODE = wholemodule;
				SWIFT_OPTIMIZATION_LEVEL = "-O";
				VALIDATE_PRODUCT = YES;
			};
			name = Release;
		};
		A7BBCA9A2912C9A300C50047 /* Debug */ = {
			isa = XCBuildConfiguration;
			baseConfigurationReference = 7811842187BC5660CB553C24 /* Pods-pruebaPractica.debug.xcconfig */;
			buildSettings = {
				ASSETCATALOG_COMPILER_APPICON_NAME = AppIcon;
				ASSETCATALOG_COMPILER_GLOBAL_ACCENT_COLOR_NAME = AccentColor;
				CODE_SIGN_STYLE = Automatic;
				CURRENT_PROJECT_VERSION = 1;
				DEVELOPMENT_TEAM = 9ZG53Z3Z9U;
				GENERATE_INFOPLIST_FILE = YES;
				INFOPLIST_FILE = pruebaPractica/Info.plist;
				INFOPLIST_KEY_UIApplicationSupportsIndirectInputEvents = YES;
				INFOPLIST_KEY_UILaunchStoryboardName = LaunchScreen;
				INFOPLIST_KEY_UISupportedInterfaceOrientations_iPad = "UIInterfaceOrientationPortrait UIInterfaceOrientationPortraitUpsideDown UIInterfaceOrientationLandscapeLeft UIInterfaceOrientationLandscapeRight";
				INFOPLIST_KEY_UISupportedInterfaceOrientations_iPhone = "UIInterfaceOrientationPortrait UIInterfaceOrientationLandscapeLeft UIInterfaceOrientationLandscapeRight";
				IPHONEOS_DEPLOYMENT_TARGET = 13.0;
				LD_RUNPATH_SEARCH_PATHS = (
					"$(inherited)",
					"@executable_path/Frameworks",
				);
				MARKETING_VERSION = 1.0;
				PRODUCT_BUNDLE_IDENTIFIER = mx.com.carlos.pruebaPractica;
				PRODUCT_NAME = "$(TARGET_NAME)";
				SWIFT_EMIT_LOC_STRINGS = YES;
				SWIFT_VERSION = 5.0;
				TARGETED_DEVICE_FAMILY = "1,2";
			};
			name = Debug;
		};
		A7BBCA9B2912C9A300C50047 /* Release */ = {
			isa = XCBuildConfiguration;
			baseConfigurationReference = C57A6701F85969EF65FC9B09 /* Pods-pruebaPractica.release.xcconfig */;
			buildSettings = {
				ASSETCATALOG_COMPILER_APPICON_NAME = AppIcon;
				ASSETCATALOG_COMPILER_GLOBAL_ACCENT_COLOR_NAME = AccentColor;
				CODE_SIGN_STYLE = Automatic;
				CURRENT_PROJECT_VERSION = 1;
				DEVELOPMENT_TEAM = 9ZG53Z3Z9U;
				GENERATE_INFOPLIST_FILE = YES;
				INFOPLIST_FILE = pruebaPractica/Info.plist;
				INFOPLIST_KEY_UIApplicationSupportsIndirectInputEvents = YES;
				INFOPLIST_KEY_UILaunchStoryboardName = LaunchScreen;
				INFOPLIST_KEY_UISupportedInterfaceOrientations_iPad = "UIInterfaceOrientationPortrait UIInterfaceOrientationPortraitUpsideDown UIInterfaceOrientationLandscapeLeft UIInterfaceOrientationLandscapeRight";
				INFOPLIST_KEY_UISupportedInterfaceOrientations_iPhone = "UIInterfaceOrientationPortrait UIInterfaceOrientationLandscapeLeft UIInterfaceOrientationLandscapeRight";
				IPHONEOS_DEPLOYMENT_TARGET = 13.0;
				LD_RUNPATH_SEARCH_PATHS = (
					"$(inherited)",
					"@executable_path/Frameworks",
				);
				MARKETING_VERSION = 1.0;
				PRODUCT_BUNDLE_IDENTIFIER = mx.com.carlos.pruebaPractica;
				PRODUCT_NAME = "$(TARGET_NAME)";
				SWIFT_EMIT_LOC_STRINGS = YES;
				SWIFT_VERSION = 5.0;
				TARGETED_DEVICE_FAMILY = "1,2";
			};
			name = Release;
		};
/* End XCBuildConfiguration section */

/* Begin XCConfigurationList section */
		A7BBCA802912C9A200C50047 /* Build configuration list for PBXProject "pruebaPractica" */ = {
			isa = XCConfigurationList;
			buildConfigurations = (
				A7BBCA972912C9A300C50047 /* Debug */,
				A7BBCA982912C9A300C50047 /* Release */,
			);
			defaultConfigurationIsVisible = 0;
			defaultConfigurationName = Release;
		};
		A7BBCA992912C9A300C50047 /* Build configuration list for PBXNativeTarget "pruebaPractica" */ = {
			isa = XCConfigurationList;
			buildConfigurations = (
				A7BBCA9A2912C9A300C50047 /* Debug */,
				A7BBCA9B2912C9A300C50047 /* Release */,
			);
			defaultConfigurationIsVisible = 0;
			defaultConfigurationName = Release;
		};
/* End XCConfigurationList section */
	};
	rootObject = A7BBCA7D2912C9A200C50047 /* Project object */;
}
